
Microsoft Visual Studio Solution File, Format Version 12.00
# Visual Studio Version 16
VisualStudioVersion = 16.0.29911.84
MinimumVisualStudioVersion = 10.0.40219.1
Project("{9A19103F-16F7-4668-BE54-9A1E7A4F7556}") = "DuplicateCharacters", "BFlow_Tasks\DuplicateCharacters.csproj", "{AA5DB397-CB96-4BEB-9329-80F41038B651}"
EndProject
Project("{9A19103F-16F7-4668-BE54-9A1E7A4F7556}") = "SubArray", "SubArray\SubArray.csproj", "{D24B342C-3801-41E0-9301-0AAEDC3CDD96}"
EndProject
Project("{FAE04EC0-301F-11D3-BF4B-00C04F79EFBC}") = "PurpleVsBrown", "PurpleVsBrown\PurpleVsBrown.csproj", "{67421BB7-D18B-47C9-B777-98E368571A79}"
EndProject
Global
	GlobalSection(SolutionConfigurationPlatforms) = preSolution
		Debug|Any CPU = Debug|Any CPU
		Release|Any CPU = Release|Any CPU
	EndGlobalSection
	GlobalSection(ProjectConfigurationPlatforms) = postSolution
		{AA5DB397-CB96-4BEB-9329-80F41038B651}.Debug|Any CPU.ActiveCfg = Debug|Any CPU
		{AA5DB397-CB96-4BEB-9329-80F41038B651}.Debug|Any CPU.Build.0 = Debug|Any CPU
		{AA5DB397-CB96-4BEB-9329-80F41038B651}.Release|Any CPU.ActiveCfg = Release|Any CPU
		{AA5DB397-CB96-4BEB-9329-80F41038B651}.Release|Any CPU.Build.0 = Release|Any CPU
		{D24B342C-3801-41E0-9301-0AAEDC3CDD96}.Debug|Any CPU.ActiveCfg = Debug|Any CPU
		{D24B342C-3801-41E0-9301-0AAEDC3CDD96}.Debug|Any CPU.Build.0 = Debug|Any CPU
		{D24B342C-3801-41E0-9301-0AAEDC3CDD96}.Release|Any CPU.ActiveCfg = Release|Any CPU
		{D24B342C-3801-41E0-9301-0AAEDC3CDD96}.Release|Any CPU.Build.0 = Release|Any CPU
		{67421BB7-D18B-47C9-B777-98E368571A79}.Debug|Any CPU.ActiveCfg = Debug|Any CPU
		{67421BB7-D18B-47C9-B777-98E368571A79}.Debug|Any CPU.Build.0 = Debug|Any CPU
		{67421BB7-D18B-47C9-B777-98E368571A79}.Release|Any CPU.ActiveCfg = Release|Any CPU
		{67421BB7-D18B-47C9-B777-98E368571A79}.Release|Any CPU.Build.0 = Release|Any CPU
	EndGlobalSection
	GlobalSection(SolutionProperties) = preSolution
		HideSolutionNode = FALSE
	EndGlobalSection
	GlobalSection(ExtensibilityGlobals) = postSolution
		SolutionGuid = {E7051B56-F065-44AE-8058-8FB8C9A3DCEB}
	EndGlobalSection
EndGlobal
